
Microsoft Visual Studio Solution File, Format Version 12.00
# Visual Studio Version 16
VisualStudioVersion = 16.0.29102.190
MinimumVisualStudioVersion = 10.0.40219.1
Project("{FAE04EC0-301F-11D3-BF4B-00C04F79EFBC}") = "GeometryApp", "GeometryApp\GeometryApp.csproj", "{0196CAA8-F1D0-417D-87E5-48ED1D24FAAF}"
EndProject
Project("{FAE04EC0-301F-11D3-BF4B-00C04F79EFBC}") = "ConceptArchitect.Geometry", "ConceptArchitect.Geometry\ConceptArchitect.Geometry.csproj", "{572F59A1-C6E2-4A9D-AFED-7DAD722DB692}"
EndProject
Project("{FAE04EC0-301F-11D3-BF4B-00C04F79EFBC}") = "GeometryApp02", "GeometryApp02\GeometryApp02.csproj", "{52EAA673-4E41-460A-A4A5-BF10BCA0DD6C}"
EndProject
Project("{FAE04EC0-301F-11D3-BF4B-00C04F79EFBC}") = "GeometryApp03", "GeometryApp03\GeometryApp03.csproj", "{9662B506-3014-47BC-8EA3-F7D3955D6309}"
EndProject
Global
	GlobalSection(SolutionConfigurationPlatforms) = preSolution
		Debug|Any CPU = Debug|Any CPU
		Release|Any CPU = Release|Any CPU
	EndGlobalSection
	GlobalSection(ProjectConfigurationPlatforms) = postSolution
		{0196CAA8-F1D0-417D-87E5-48ED1D24FAAF}.Debug|Any CPU.ActiveCfg = Debug|Any CPU
		{0196CAA8-F1D0-417D-87E5-48ED1D24FAAF}.Debug|Any CPU.Build.0 = Debug|Any CPU
		{0196CAA8-F1D0-417D-87E5-48ED1D24FAAF}.Release|Any CPU.ActiveCfg = Release|Any CPU
		{0196CAA8-F1D0-417D-87E5-48ED1D24FAAF}.Release|Any CPU.Build.0 = Release|Any CPU
		{572F59A1-C6E2-4A9D-AFED-7DAD722DB692}.Debug|Any CPU.ActiveCfg = Debug|Any CPU
		{572F59A1-C6E2-4A9D-AFED-7DAD722DB692}.Debug|Any CPU.Build.0 = Debug|Any CPU
		{572F59A1-C6E2-4A9D-AFED-7DAD722DB692}.Release|Any CPU.ActiveCfg = Release|Any CPU
		{572F59A1-C6E2-4A9D-AFED-7DAD722DB692}.Release|Any CPU.Build.0 = Release|Any CPU
		{52EAA673-4E41-460A-A4A5-BF10BCA0DD6C}.Debug|Any CPU.ActiveCfg = Debug|Any CPU
		{52EAA673-4E41-460A-A4A5-BF10BCA0DD6C}.Debug|Any CPU.Build.0 = Debug|Any CPU
		{52EAA673-4E41-460A-A4A5-BF10BCA0DD6C}.Release|Any CPU.ActiveCfg = Release|Any CPU
		{52EAA673-4E41-460A-A4A5-BF10BCA0DD6C}.Release|Any CPU.Build.0 = Release|Any CPU
		{9662B506-3014-47BC-8EA3-F7D3955D6309}.Debug|Any CPU.ActiveCfg = Debug|Any CPU
		{9662B506-3014-47BC-8EA3-F7D3955D6309}.Debug|Any CPU.Build.0 = Debug|Any CPU
		{9662B506-3014-47BC-8EA3-F7D3955D6309}.Release|Any CPU.ActiveCfg = Release|Any CPU
		{9662B506-3014-47BC-8EA3-F7D3955D6309}.Release|Any CPU.Build.0 = Release|Any CPU
	EndGlobalSection
	GlobalSection(SolutionProperties) = preSolution
		HideSolutionNode = FALSE
	EndGlobalSection
	GlobalSection(ExtensibilityGlobals) = postSolution
		SolutionGuid = {0FF4AE49-2ECC-4E7F-ACD3-498A5BD3C6D4}
	EndGlobalSection
EndGlobal
